{
  "name": "btp",
  "version": "1.0.0",
  "lockfileVersion": 1,
  "requires": true,
  "dependencies": {
    "d3-binarytree": {
      "version": "0.1.5",
      "resolved": "https://registry.npmjs.org/d3-binarytree/-/d3-binarytree-0.1.5.tgz",
      "integrity": "sha512-RR9HUX0LPeg8twF2n5awywoHiB3GUKC3syzqQTBN8YJXuquVjqVB02fA16H2yFVXNRekOSfBWQAxe7YVpu3Itg=="
    },
    "d3-dispatch": {
      "version": "1.0.6",
      "resolved": "https://registry.npmjs.org/d3-dispatch/-/d3-dispatch-1.0.6.tgz",
      "integrity": "sha512-fVjoElzjhCEy+Hbn8KygnmMS7Or0a9sI2UzGwoB7cCtvI1XpVN9GpoYlnb3xt2YV66oXYb1fLJ8GMvP4hdU1RA=="
    },
    "d3-force-3d": {
      "version": "2.0.3",
      "resolved": "https://registry.npmjs.org/d3-force-3d/-/d3-force-3d-2.0.3.tgz",
      "integrity": "sha512-+xmyXTxrV2sOIqouOPQQMLEdZTi04eMB28vOymw53E9xM/cS7aefXAfKK/B14B2DqmQYkwl6Vym/abV04+vfCw==",
      "requires": {
        "d3-binarytree": "~0.1",
        "d3-dispatch": "1",
        "d3-octree": "~0.1",
        "d3-quadtree": "1",
        "d3-timer": "1"
      }
    },
    "d3-octree": {
      "version": "0.1.5",
      "resolved": "https://registry.npmjs.org/d3-octree/-/d3-octree-0.1.5.tgz",
      "integrity": "sha512-LNVNY+IZYtSREN4060IIlrvVBqZFnSO5etiieGRzZosJBGKQlszHzXMgdKwf9LWEmjNU3wv/GOL+2pgiE2Xf4Q=="
    },
    "d3-quadtree": {
      "version": "1.0.7",
      "resolved": "https://registry.npmjs.org/d3-quadtree/-/d3-quadtree-1.0.7.tgz",
      "integrity": "sha512-RKPAeXnkC59IDGD0Wu5mANy0Q2V28L+fNe65pOCXVdVuTJS3WPKaJlFHer32Rbh9gIo9qMuJXio8ra4+YmIymA=="
    },
    "d3-timer": {
      "version": "1.0.10",
      "resolved": "https://registry.npmjs.org/d3-timer/-/d3-timer-1.0.10.tgz",
      "integrity": "sha512-B1JDm0XDaQC+uvo4DT79H0XmBskgS3l6Ve+1SBCfxgmtIb1AVrPIoqd+nPSv+loMX8szQ0sVUhGngL7D5QPiXw=="
    }
  }
}
